// !$*UTF8*$!
{
	archiveVersion = 1;
	classes = {
	};
	objectVersion = 46;
	objects = {

/* Begin PBXBuildFile section */
		811D16EA1BF5BFF5000CFE6B /* ChHashTable.cpp in Sources */ = {isa = PBXBuildFile; fileRef = 811D16E31BF5BFF5000CFE6B /* ChHashTable.cpp */; };
		811D16EB1BF5BFF5000CFE6B /* driver-sample.cpp in Sources */ = {isa = PBXBuildFile; fileRef = 811D16E51BF5BFF5000CFE6B /* driver-sample.cpp */; };
		811D16EC1BF5BFF5000CFE6B /* ObjectAllocator.cpp in Sources */ = {isa = PBXBuildFile; fileRef = 811D16E61BF5BFF5000CFE6B /* ObjectAllocator.cpp */; };
		811D16ED1BF5BFF5000CFE6B /* support.cpp in Sources */ = {isa = PBXBuildFile; fileRef = 811D16E81BF5BFF5000CFE6B /* support.cpp */; };
/* End PBXBuildFile section */

/* Begin PBXCopyFilesBuildPhase section */
		811D16D71BF5BFD6000CFE6B /* CopyFiles */ = {
			isa = PBXCopyFilesBuildPhase;
			buildActionMask = 2147483647;
			dstPath = /usr/share/man/man1/;
			dstSubfolderSpec = 0;
			files = (
			);
			runOnlyForDeploymentPostprocessing = 1;
		};
/* End PBXCopyFilesBuildPhase section */

/* Begin PBXFileReference section */
		811D16D91BF5BFD6000CFE6B /* CS280Assignment5 */ = {isa = PBXFileReference; explicitFileType = "compiled.mach-o.executable"; includeInIndex = 0; path = CS280Assignment5; sourceTree = BUILT_PRODUCTS_DIR; };
		811D16E31BF5BFF5000CFE6B /* ChHashTable.cpp */ = {isa = PBXFileReference; fileEncoding = 4; lastKnownFileType = sourcecode.cpp.cpp; name = ChHashTable.cpp; path = ../../ChHashTable.cpp; sourceTree = "<group>"; };
		811D16E41BF5BFF5000CFE6B /* ChHashTable.h */ = {isa = PBXFileReference; fileEncoding = 4; lastKnownFileType = sourcecode.c.h; name = ChHashTable.h; path = ../../ChHashTable.h; sourceTree = "<group>"; };
		811D16E51BF5BFF5000CFE6B /* driver-sample.cpp */ = {isa = PBXFileReference; fileEncoding = 4; lastKnownFileType = sourcecode.cpp.cpp; name = "driver-sample.cpp"; path = "../../driver-sample.cpp"; sourceTree = "<group>"; };
		811D16E61BF5BFF5000CFE6B /* ObjectAllocator.cpp */ = {isa = PBXFileReference; fileEncoding = 4; lastKnownFileType = sourcecode.cpp.cpp; name = ObjectAllocator.cpp; path = ../../ObjectAllocator.cpp; sourceTree = "<group>"; };
		811D16E71BF5BFF5000CFE6B /* ObjectAllocator.h */ = {isa = PBXFileReference; fileEncoding = 4; lastKnownFileType = sourcecode.c.h; name = ObjectAllocator.h; path = ../../ObjectAllocator.h; sourceTree = "<group>"; };
		811D16E81BF5BFF5000CFE6B /* support.cpp */ = {isa = PBXFileReference; fileEncoding = 4; lastKnownFileType = sourcecode.cpp.cpp; name = support.cpp; path = ../../support.cpp; sourceTree = "<group>"; };
		811D16E91BF5BFF5000CFE6B /* support.h */ = {isa = PBXFileReference; fileEncoding = 4; lastKnownFileType = sourcecode.c.h; name = support.h; path = ../../support.h; sourceTree = "<group>"; };
/* End PBXFileReference section */

/* Begin PBXFrameworksBuildPhase section */
		811D16D61BF5BFD6000CFE6B /* Frameworks */ = {
			isa = PBXFrameworksBuildPhase;
			buildActionMask = 2147483647;
			files = (
			);
			runOnlyForDeploymentPostprocessing = 0;
		};
/* End PBXFrameworksBuildPhase section */

/* Begin PBXGroup section */
		811D16D01BF5BFD6000CFE6B = {
			isa = PBXGroup;
			children = (
				811D16DB1BF5BFD6000CFE6B /* CS280Assignment5 */,
				811D16DA1BF5BFD6000CFE6B /* Products */,
			);
			sourceTree = "<group>";
		};
		811D16DA1BF5BFD6000CFE6B /* Products */ = {
			isa = PBXGroup;
			children = (
				811D16D91BF5BFD6000CFE6B /* CS280Assignment5 */,
			);
			name = Products;
			sourceTree = "<group>";
		};
		811D16DB1BF5BFD6000CFE6B /* CS280Assignment5 */ = {
			isa = PBXGroup;
			children = (
				811D16E31BF5BFF5000CFE6B /* ChHashTable.cpp */,
				811D16E41BF5BFF5000CFE6B /* ChHashTable.h */,
				811D16E51BF5BFF5000CFE6B /* driver-sample.cpp */,
				811D16E61BF5BFF5000CFE6B /* ObjectAllocator.cpp */,
				811D16E71BF5BFF5000CFE6B /* ObjectAllocator.h */,
				811D16E81BF5BFF5000CFE6B /* support.cpp */,
				811D16E91BF5BFF5000CFE6B /* support.h */,
			);
			path = CS280Assignment5;
			sourceTree = "<group>";
		};
/* End PBXGroup section */

/* Begin PBXNativeTarget section */
		811D16D81BF5BFD6000CFE6B /* CS280Assignment5 */ = {
			isa = PBXNativeTarget;
			buildConfigurationList = 811D16E01BF5BFD6000CFE6B /* Build configuration list for PBXNativeTarget "CS280Assignment5" */;
			buildPhases = (
				811D16D51BF5BFD6000CFE6B /* Sources */,
				811D16D61BF5BFD6000CFE6B /* Frameworks */,
				811D16D71BF5BFD6000CFE6B /* CopyFiles */,
			);
			buildRules = (
			);
			dependencies = (
			);
			name = CS280Assignment5;
			productName = CS280Assignment5;
			productReference = 811D16D91BF5BFD6000CFE6B /* CS280Assignment5 */;
			productType = "com.apple.product-type.tool";
		};
/* End PBXNativeTarget section */

/* Begin PBXProject section */
		811D16D11BF5BFD6000CFE6B /* Project object */ = {
			isa = PBXProject;
			attributes = {
				LastUpgradeCheck = 0710;
				ORGANIZATIONNAME = "Haven Breithaupt";
				TargetAttributes = {
					811D16D81BF5BFD6000CFE6B = {
						CreatedOnToolsVersion = 7.1.1;
					};
				};
			};
			buildConfigurationList = 811D16D41BF5BFD6000CFE6B /* Build configuration list for PBXProject "CS280Assignment5" */;
			compatibilityVersion = "Xcode 3.2";
			developmentRegion = English;
			hasScannedForEncodings = 0;
			knownRegions = (
				en,
			);
			mainGroup = 811D16D01BF5BFD6000CFE6B;
			productRefGroup = 811D16DA1BF5BFD6000CFE6B /* Products */;
			projectDirPath = "";
			projectRoot = "";
			targets = (
				811D16D81BF5BFD6000CFE6B /* CS280Assignment5 */,
			);
		};
/* End PBXProject section */

/* Begin PBXSourcesBuildPhase section */
		811D16D51BF5BFD6000CFE6B /* Sources */ = {
			isa = PBXSourcesBuildPhase;
			buildActionMask = 2147483647;
			files = (
				811D16EC1BF5BFF5000CFE6B /* ObjectAllocator.cpp in Sources */,
				811D16ED1BF5BFF5000CFE6B /* support.cpp in Sources */,
				811D16EA1BF5BFF5000CFE6B /* ChHashTable.cpp in Sources */,
				811D16EB1BF5BFF5000CFE6B /* driver-sample.cpp in Sources */,
			);
			runOnlyForDeploymentPostprocessing = 0;
		};
/* End PBXSourcesBuildPhase section */

/* Begin XCBuildConfiguration section */
		811D16DE1BF5BFD6000CFE6B /* Debug */ = {
			isa = XCBuildConfiguration;
			buildSettings = {
				ALWAYS_SEARCH_USER_PATHS = NO;
				CLANG_CXX_LANGUAGE_STANDARD = "gnu++0x";
				CLANG_CXX_LIBRARY = "libc++";
				CLANG_ENABLE_MODULES = YES;
				CLANG_ENABLE_OBJC_ARC = YES;
				CLANG_WARN_BOOL_CONVERSION = YES;
				CLANG_WARN_CONSTANT_CONVERSION = YES;
				CLANG_WARN_DIRECT_OBJC_ISA_USAGE = YES_ERROR;
				CLANG_WARN_EMPTY_BODY = YES;
				CLANG_WARN_ENUM_CONVERSION = YES;
				CLANG_WARN_INT_CONVERSION = YES;
				CLANG_WARN_OBJC_ROOT_CLASS = YES_ERROR;
				CLANG_WARN_UNREACHABLE_CODE = YES;
				CLANG_WARN__DUPLICATE_METHOD_MATCH = YES;
				CODE_SIGN_IDENTITY = "-";
				COPY_PHASE_STRIP = NO;
				DEBUG_INFORMATION_FORMAT = dwarf;
				ENABLE_STRICT_OBJC_MSGSEND = YES;
				ENABLE_TESTABILITY = YES;
				GCC_C_LANGUAGE_STANDARD = gnu99;
				GCC_DYNAMIC_NO_PIC = NO;
				GCC_NO_COMMON_BLOCKS = YES;
				GCC_OPTIMIZATION_LEVEL = 0;
				GCC_PREPROCESSOR_DEFINITIONS = (
					"DEBUG=1",
					"$(inherited)",
				);
				GCC_WARN_64_TO_32_BIT_CONVERSION = YES;
				GCC_WARN_ABOUT_RETURN_TYPE = YES_ERROR;
				GCC_WARN_UNDECLARED_SELECTOR = YES;
				GCC_WARN_UNINITIALIZED_AUTOS = YES_AGGRESSIVE;
				GCC_WARN_UNUSED_FUNCTION = YES;
				GCC_WARN_UNUSED_VARIABLE = YES;
				MACOSX_DEPLOYMENT_TARGET = 10.11;
				MTL_ENABLE_DEBUG_INFO = YES;
				ONLY_ACTIVE_ARCH = YES;
				SDKROOT = macosx;
			};
			name = Debug;
		};
		811D16DF1BF5BFD6000CFE6B /* Release */ = {
			isa = XCBuildConfiguration;
			buildSettings = {
				ALWAYS_SEARCH_USER_PATHS = NO;
				CLANG_CXX_LANGUAGE_STANDARD = "gnu++0x";
				CLANG_CXX_LIBRARY = "libc++";
				CLANG_ENABLE_MODULES = YES;
				CLANG_ENABLE_OBJC_ARC = YES;
				CLANG_WARN_BOOL_CONVERSION = YES;
				CLANG_WARN_CONSTANT_CONVERSION = YES;
				CLANG_WARN_DIRECT_OBJC_ISA_USAGE = YES_ERROR;
				CLANG_WARN_EMPTY_BODY = YES;
				CLANG_WARN_ENUM_CONVERSION = YES;
				CLANG_WARN_INT_CONVERSION = YES;
				CLANG_WARN_OBJC_ROOT_CLASS = YES_ERROR;
				CLANG_WARN_UNREACHABLE_CODE = YES;
				CLANG_WARN__DUPLICATE_METHOD_MATCH = YES;
				CODE_SIGN_IDENTITY = "-";
				COPY_PHASE_STRIP = NO;
				DEBUG_INFORMATION_FORMAT = "dwarf-with-dsym";
				ENABLE_NS_ASSERTIONS = NO;
				ENABLE_STRICT_OBJC_MSGSEND = YES;
				GCC_C_LANGUAGE_STANDARD = gnu99;
				GCC_NO_COMMON_BLOCKS = YES;
				GCC_WARN_64_TO_32_BIT_CONVERSION = YES;
				GCC_WARN_ABOUT_RETURN_TYPE = YES_ERROR;
				GCC_WARN_UNDECLARED_SELECTOR = YES;
				GCC_WARN_UNINITIALIZED_AUTOS = YES_AGGRESSIVE;
				GCC_WARN_UNUSED_FUNCTION = YES;
				GCC_WARN_UNUSED_VARIABLE = YES;
				MACOSX_DEPLOYMENT_TARGET = 10.11;
				MTL_ENABLE_DEBUG_INFO = NO;
				SDKROOT = macosx;
			};
			name = Release;
		};
		811D16E11BF5BFD6000CFE6B /* Debug */ = {
			isa = XCBuildConfiguration;
			buildSettings = {
				PRODUCT_NAME = "$(TARGET_NAME)";
			};
			name = Debug;
		};
		811D16E21BF5BFD6000CFE6B /* Release */ = {
			isa = XCBuildConfiguration;
			buildSettings = {
				PRODUCT_NAME = "$(TARGET_NAME)";
			};
			name = Release;
		};
/* End XCBuildConfiguration section */

/* Begin XCConfigurationList section */
		811D16D41BF5BFD6000CFE6B /* Build configuration list for PBXProject "CS280Assignment5" */ = {
			isa = XCConfigurationList;
			buildConfigurations = (
				811D16DE1BF5BFD6000CFE6B /* Debug */,
				811D16DF1BF5BFD6000CFE6B /* Release */,
			);
			defaultConfigurationIsVisible = 0;
			defaultConfigurationName = Release;
		};
		811D16E01BF5BFD6000CFE6B /* Build configuration list for PBXNativeTarget "CS280Assignment5" */ = {
			isa = XCConfigurationList;
			buildConfigurations = (
				811D16E11BF5BFD6000CFE6B /* Debug */,
				811D16E21BF5BFD6000CFE6B /* Release */,
			);
			defaultConfigurationIsVisible = 0;
		};
/* End XCConfigurationList section */
	};
	rootObject = 811D16D11BF5BFD6000CFE6B /* Project object */;
}
